
Microsoft Visual Studio Solution File, Format Version 12.00
# Visual Studio Version 17
VisualStudioVersion = 17.9.34728.123
MinimumVisualStudioVersion = 10.0.40219.1
Project("{FAE04EC0-301F-11D3-BF4B-00C04F79EFBC}") = "BlogWeb", "BlogWeb\BlogWeb.csproj", "{43CC282D-72F3-4B41-B6AE-E3D1F1EF801A}"
EndProject
Global
	GlobalSection(SolutionConfigurationPlatforms) = preSolution
		Debug|Any CPU = Debug|Any CPU
		Release|Any CPU = Release|Any CPU
	EndGlobalSection
	GlobalSection(ProjectConfigurationPlatforms) = postSolution
		{43CC282D-72F3-4B41-B6AE-E3D1F1EF801A}.Debug|Any CPU.ActiveCfg = Debug|Any CPU
		{43CC282D-72F3-4B41-B6AE-E3D1F1EF801A}.Debug|Any CPU.Build.0 = Debug|Any CPU
		{43CC282D-72F3-4B41-B6AE-E3D1F1EF801A}.Release|Any CPU.ActiveCfg = Release|Any CPU
		{43CC282D-72F3-4B41-B6AE-E3D1F1EF801A}.Release|Any CPU.Build.0 = Release|Any CPU
	EndGlobalSection
	GlobalSection(SolutionProperties) = preSolution
		HideSolutionNode = FALSE
	EndGlobalSection
	GlobalSection(ExtensibilityGlobals) = postSolution
		SolutionGuid = {AD529AE4-AEAB-4F84-AAF2-1999C5154C93}
	EndGlobalSection
EndGlobal
